
Microsoft Visual Studio Solution File, Format Version 12.00
# Visual Studio 15
VisualStudioVersion = 15.0.28010.2003
MinimumVisualStudioVersion = 10.0.40219.1
Project("{FAE04EC0-301F-11D3-BF4B-00C04F79EFBC}") = "DBCrud", "DBCrud\DBCrud.csproj", "{4884BF5D-AE9C-4655-A86D-8DE77A217661}"
EndProject
Project("{FAE04EC0-301F-11D3-BF4B-00C04F79EFBC}") = "DB.Entity", "DB.Entity\DB.Entity.csproj", "{0E9C9C2F-D20C-4DA8-B439-B1B51B0177D9}"
EndProject
Project("{FAE04EC0-301F-11D3-BF4B-00C04F79EFBC}") = "DB.Services", "DB.Services\DB.Services.csproj", "{780D94CC-6FE9-4C17-AC30-A16F076228BA}"
EndProject
Project("{FAE04EC0-301F-11D3-BF4B-00C04F79EFBC}") = "DB.Repo", "DB.Repo\DB.Repo.csproj", "{25B0AD6D-BEFF-4C7C-A262-7115DBE9B1BD}"
EndProject
Project("{FAE04EC0-301F-11D3-BF4B-00C04F79EFBC}") = "DB.DataAccess", "DB.DataAccess\DB.DataAccess.csproj", "{1EB74C5F-A598-4B65-B5AB-504D242CFD47}"
EndProject
Global
	GlobalSection(SolutionConfigurationPlatforms) = preSolution
		Debug|Any CPU = Debug|Any CPU
		Release|Any CPU = Release|Any CPU
	EndGlobalSection
	GlobalSection(ProjectConfigurationPlatforms) = postSolution
		{4884BF5D-AE9C-4655-A86D-8DE77A217661}.Debug|Any CPU.ActiveCfg = Debug|Any CPU
		{4884BF5D-AE9C-4655-A86D-8DE77A217661}.Debug|Any CPU.Build.0 = Debug|Any CPU
		{4884BF5D-AE9C-4655-A86D-8DE77A217661}.Release|Any CPU.ActiveCfg = Release|Any CPU
		{4884BF5D-AE9C-4655-A86D-8DE77A217661}.Release|Any CPU.Build.0 = Release|Any CPU
		{0E9C9C2F-D20C-4DA8-B439-B1B51B0177D9}.Debug|Any CPU.ActiveCfg = Debug|Any CPU
		{0E9C9C2F-D20C-4DA8-B439-B1B51B0177D9}.Debug|Any CPU.Build.0 = Debug|Any CPU
		{0E9C9C2F-D20C-4DA8-B439-B1B51B0177D9}.Release|Any CPU.ActiveCfg = Release|Any CPU
		{0E9C9C2F-D20C-4DA8-B439-B1B51B0177D9}.Release|Any CPU.Build.0 = Release|Any CPU
		{780D94CC-6FE9-4C17-AC30-A16F076228BA}.Debug|Any CPU.ActiveCfg = Debug|Any CPU
		{780D94CC-6FE9-4C17-AC30-A16F076228BA}.Debug|Any CPU.Build.0 = Debug|Any CPU
		{780D94CC-6FE9-4C17-AC30-A16F076228BA}.Release|Any CPU.ActiveCfg = Release|Any CPU
		{780D94CC-6FE9-4C17-AC30-A16F076228BA}.Release|Any CPU.Build.0 = Release|Any CPU
		{25B0AD6D-BEFF-4C7C-A262-7115DBE9B1BD}.Debug|Any CPU.ActiveCfg = Debug|Any CPU
		{25B0AD6D-BEFF-4C7C-A262-7115DBE9B1BD}.Debug|Any CPU.Build.0 = Debug|Any CPU
		{25B0AD6D-BEFF-4C7C-A262-7115DBE9B1BD}.Release|Any CPU.ActiveCfg = Release|Any CPU
		{25B0AD6D-BEFF-4C7C-A262-7115DBE9B1BD}.Release|Any CPU.Build.0 = Release|Any CPU
		{1EB74C5F-A598-4B65-B5AB-504D242CFD47}.Debug|Any CPU.ActiveCfg = Debug|Any CPU
		{1EB74C5F-A598-4B65-B5AB-504D242CFD47}.Debug|Any CPU.Build.0 = Debug|Any CPU
		{1EB74C5F-A598-4B65-B5AB-504D242CFD47}.Release|Any CPU.ActiveCfg = Release|Any CPU
		{1EB74C5F-A598-4B65-B5AB-504D242CFD47}.Release|Any CPU.Build.0 = Release|Any CPU
	EndGlobalSection
	GlobalSection(SolutionProperties) = preSolution
		HideSolutionNode = FALSE
	EndGlobalSection
	GlobalSection(ExtensibilityGlobals) = postSolution
		SolutionGuid = {5AA8829E-F31D-4981-B2C2-0F52090EB814}
	EndGlobalSection
EndGlobal
